
Microsoft Visual Studio Solution File, Format Version 12.00
# Visual Studio Version 17
VisualStudioVersion = 17.2.32526.322
MinimumVisualStudioVersion = 10.0.40219.1
Project("{FAE04EC0-301F-11D3-BF4B-00C04F79EFBC}") = "Calculadora", "Calculadora\Calculadora.csproj", "{733B21A7-5A75-4672-81D3-1293ADD35791}"
EndProject
Global
	GlobalSection(SolutionConfigurationPlatforms) = preSolution
		Debug|Any CPU = Debug|Any CPU
		Release|Any CPU = Release|Any CPU
	EndGlobalSection
	GlobalSection(ProjectConfigurationPlatforms) = postSolution
		{733B21A7-5A75-4672-81D3-1293ADD35791}.Debug|Any CPU.ActiveCfg = Debug|Any CPU
		{733B21A7-5A75-4672-81D3-1293ADD35791}.Debug|Any CPU.Build.0 = Debug|Any CPU
		{733B21A7-5A75-4672-81D3-1293ADD35791}.Release|Any CPU.ActiveCfg = Release|Any CPU
		{733B21A7-5A75-4672-81D3-1293ADD35791}.Release|Any CPU.Build.0 = Release|Any CPU
	EndGlobalSection
	GlobalSection(SolutionProperties) = preSolution
		HideSolutionNode = FALSE
	EndGlobalSection
	GlobalSection(ExtensibilityGlobals) = postSolution
		SolutionGuid = {7DBE5F30-FAF9-4786-9DF1-7C05D9AAAA0C}
	EndGlobalSection
EndGlobal
