
Microsoft Visual Studio Solution File, Format Version 12.00
# Visual Studio Version 17
VisualStudioVersion = 17.2.32526.322
MinimumVisualStudioVersion = 10.0.40219.1
Project("{FAE04EC0-301F-11D3-BF4B-00C04F79EFBC}") = "WebApplication1", "WebApplication1.csproj", "{66BF35E7-BF6C-437F-8952-B70CAC7B8396}"
EndProject
Global
	GlobalSection(SolutionConfigurationPlatforms) = preSolution
		Debug|Any CPU = Debug|Any CPU
		Release|Any CPU = Release|Any CPU
	EndGlobalSection
	GlobalSection(ProjectConfigurationPlatforms) = postSolution
		{66BF35E7-BF6C-437F-8952-B70CAC7B8396}.Debug|Any CPU.ActiveCfg = Debug|Any CPU
		{66BF35E7-BF6C-437F-8952-B70CAC7B8396}.Debug|Any CPU.Build.0 = Debug|Any CPU
		{66BF35E7-BF6C-437F-8952-B70CAC7B8396}.Release|Any CPU.ActiveCfg = Release|Any CPU
		{66BF35E7-BF6C-437F-8952-B70CAC7B8396}.Release|Any CPU.Build.0 = Release|Any CPU
	EndGlobalSection
	GlobalSection(SolutionProperties) = preSolution
		HideSolutionNode = FALSE
	EndGlobalSection
	GlobalSection(ExtensibilityGlobals) = postSolution
		SolutionGuid = {490CE1CA-5B31-41B5-AF38-86BD4BE74905}
	EndGlobalSection
EndGlobal
