
Microsoft Visual Studio Solution File, Format Version 12.00
# Visual Studio Version 17
VisualStudioVersion = 17.2.32526.322
MinimumVisualStudioVersion = 10.0.40219.1
Project("{FAE04EC0-301F-11D3-BF4B-00C04F79EFBC}") = "RevisaoAPI", "RevisaoAPI\RevisaoAPI.csproj", "{07B02442-0FD2-4CB3-A8C7-73FDA412D099}"
EndProject
Global
	GlobalSection(SolutionConfigurationPlatforms) = preSolution
		Debug|Any CPU = Debug|Any CPU
		Release|Any CPU = Release|Any CPU
	EndGlobalSection
	GlobalSection(ProjectConfigurationPlatforms) = postSolution
		{07B02442-0FD2-4CB3-A8C7-73FDA412D099}.Debug|Any CPU.ActiveCfg = Debug|Any CPU
		{07B02442-0FD2-4CB3-A8C7-73FDA412D099}.Debug|Any CPU.Build.0 = Debug|Any CPU
		{07B02442-0FD2-4CB3-A8C7-73FDA412D099}.Release|Any CPU.ActiveCfg = Release|Any CPU
		{07B02442-0FD2-4CB3-A8C7-73FDA412D099}.Release|Any CPU.Build.0 = Release|Any CPU
	EndGlobalSection
	GlobalSection(SolutionProperties) = preSolution
		HideSolutionNode = FALSE
	EndGlobalSection
	GlobalSection(ExtensibilityGlobals) = postSolution
		SolutionGuid = {5169583E-4E07-4CD7-89CC-0DF48A873D2B}
	EndGlobalSection
EndGlobal
